
Microsoft Visual Studio Solution File, Format Version 12.00
# Visual Studio Version 17
VisualStudioVersion = 17.1.32319.34
MinimumVisualStudioVersion = 10.0.40219.1
Project("{9A19103F-16F7-4668-BE54-9A1E7A4F7556}") = "Moss.ApiClient.SomaFm", "Moss.ApiClient.SomaFm\Moss.ApiClient.SomaFm.csproj", "{D878FACE-9F61-42B1-80BE-F80A42D0167E}"
EndProject
Project("{2150E333-8FDC-42A3-9474-1A3956D46DE8}") = "Solution Items", "Solution Items", "{4F497AA3-D118-4D5C-8A04-3ABE55B7427C}"
	ProjectSection(SolutionItems) = preProject
		.editorconfig = .editorconfig
		azure-pipelines-ci.yml = azure-pipelines-ci.yml
		azure-pipelines.yml = azure-pipelines.yml
		license.md = license.md
		nuget-push-local.ps1 = nuget-push-local.ps1
		readme.md = readme.md
	EndProjectSection
EndProject
Project("{9A19103F-16F7-4668-BE54-9A1E7A4F7556}") = "Moss.ApiClient.SomaFm.Test", "Moss.ApiClient.SomaFm.Test\Moss.ApiClient.SomaFm.Test.csproj", "{07325D1D-AB47-4F48-84B2-AE01658DF80B}"
EndProject
Project("{9A19103F-16F7-4668-BE54-9A1E7A4F7556}") = "Moss.ApiClient.SomaFm.Extensions", "Moss.ApiClient.SomaFm.Extensions\Moss.ApiClient.SomaFm.Extensions.csproj", "{ABBEE20C-7F6D-49DF-84AF-BAC24612F362}"
EndProject
Project("{9A19103F-16F7-4668-BE54-9A1E7A4F7556}") = "Moss.ApiClient.SomaFm.Extensions.Test", "Moss.ApiClient.SomaFm.Extensions.Test\Moss.ApiClient.SomaFm.Extensions.Test.csproj", "{138F8D3A-DB87-4503-818F-D7AA81161031}"
EndProject
Global
	GlobalSection(SolutionConfigurationPlatforms) = preSolution
		Debug|Any CPU = Debug|Any CPU
		Release|Any CPU = Release|Any CPU
	EndGlobalSection
	GlobalSection(ProjectConfigurationPlatforms) = postSolution
		{D878FACE-9F61-42B1-80BE-F80A42D0167E}.Debug|Any CPU.ActiveCfg = Debug|Any CPU
		{D878FACE-9F61-42B1-80BE-F80A42D0167E}.Debug|Any CPU.Build.0 = Debug|Any CPU
		{D878FACE-9F61-42B1-80BE-F80A42D0167E}.Release|Any CPU.ActiveCfg = Release|Any CPU
		{D878FACE-9F61-42B1-80BE-F80A42D0167E}.Release|Any CPU.Build.0 = Release|Any CPU
		{07325D1D-AB47-4F48-84B2-AE01658DF80B}.Debug|Any CPU.ActiveCfg = Debug|Any CPU
		{07325D1D-AB47-4F48-84B2-AE01658DF80B}.Debug|Any CPU.Build.0 = Debug|Any CPU
		{07325D1D-AB47-4F48-84B2-AE01658DF80B}.Release|Any CPU.ActiveCfg = Release|Any CPU
		{07325D1D-AB47-4F48-84B2-AE01658DF80B}.Release|Any CPU.Build.0 = Release|Any CPU
		{ABBEE20C-7F6D-49DF-84AF-BAC24612F362}.Debug|Any CPU.ActiveCfg = Debug|Any CPU
		{ABBEE20C-7F6D-49DF-84AF-BAC24612F362}.Debug|Any CPU.Build.0 = Debug|Any CPU
		{ABBEE20C-7F6D-49DF-84AF-BAC24612F362}.Release|Any CPU.ActiveCfg = Release|Any CPU
		{ABBEE20C-7F6D-49DF-84AF-BAC24612F362}.Release|Any CPU.Build.0 = Release|Any CPU
		{138F8D3A-DB87-4503-818F-D7AA81161031}.Debug|Any CPU.ActiveCfg = Debug|Any CPU
		{138F8D3A-DB87-4503-818F-D7AA81161031}.Debug|Any CPU.Build.0 = Debug|Any CPU
		{138F8D3A-DB87-4503-818F-D7AA81161031}.Release|Any CPU.ActiveCfg = Release|Any CPU
		{138F8D3A-DB87-4503-818F-D7AA81161031}.Release|Any CPU.Build.0 = Release|Any CPU
	EndGlobalSection
	GlobalSection(SolutionProperties) = preSolution
		HideSolutionNode = FALSE
	EndGlobalSection
	GlobalSection(ExtensibilityGlobals) = postSolution
		SolutionGuid = {279E9A6D-11F2-4B37-B00E-72C56A79DD41}
	EndGlobalSection
EndGlobal
